github.com/emirpasic/gods v1.18.1 h1:FXtiHYKDGKCW2KzwZKx0iC0PQmdlorYgdFG9jPXJ1Bc=
github.com/emirpasic/gods v1.18.1/go.mod h1:8tpGGwCnJ5H4r6BWwaV6OrWmMoPhUl5jm/FMNAnJvWQ=
github.com/zergon321/mempool v0.0.0-20230224193936-87ebbe2d3047 h1:TH9r5xJcX23qzYzK9j9hqZ1ZZ+FBUDZBiPKCirzgUAw=
github.com/zergon321/mempool v0.0.0-20230224193936-87ebbe2d3047/go.mod h1:13sZLQRMiOgFllYZxH04rkM75iLOOwb7cIlJ2FbvftE=
github.com/zergon321/rb v0.0.0-20220806230750-73b7fb90c7a0 h1:NXecs7zYr7bhDpt0R147Pe5n129v0eY0nIQ0rQT7HWk=
github.com/zergon321/rb v0.0.0-20220806230750-73b7fb90c7a0/go.mod h1:dNItFmcokCfRHNzLEy+Ds/C5ZdrrrKOZyVVqgpsZZgk=
golang.org/x/exp v0.0.0-20230224173230-c95f2b4c22f2 h1:Jvc7gsqn21cJHCmAWx0LiimpP18LZmUxkT5Mp7EZ1mI=
golang.org/x/exp v0.0.0-20230224173230-c95f2b4c22f2/go.mod h1:CxIveKay+FTh1D0yPZemJVgC/95VzuuOLq5Qi4xnoYc=
